
Microsoft Visual Studio Solution File, Format Version 12.00
# Visual Studio 15
VisualStudioVersion = 15.0.27004.2002
MinimumVisualStudioVersion = 10.0.40219.1
Project("{8BC9CEB8-8B4A-11D0-8D11-00A0C91BC942}") = "Viterbi_Algorithm", "Viterbi_Algorithm\Viterbi_Algorithm.vcxproj", "{D46A02FB-7E97-4E25-95F9-A9BD84783029}"
EndProject
Global
	GlobalSection(SolutionConfigurationPlatforms) = preSolution
		Debug|x64 = Debug|x64
		Debug|x86 = Debug|x86
		Release|x64 = Release|x64
		Release|x86 = Release|x86
	EndGlobalSection
	GlobalSection(ProjectConfigurationPlatforms) = postSolution
		{D46A02FB-7E97-4E25-95F9-A9BD84783029}.Debug|x64.ActiveCfg = Debug|x64
		{D46A02FB-7E97-4E25-95F9-A9BD84783029}.Debug|x64.Build.0 = Debug|x64
		{D46A02FB-7E97-4E25-95F9-A9BD84783029}.Debug|x86.ActiveCfg = Debug|Win32
		{D46A02FB-7E97-4E25-95F9-A9BD84783029}.Debug|x86.Build.0 = Debug|Win32
		{D46A02FB-7E97-4E25-95F9-A9BD84783029}.Release|x64.ActiveCfg = Release|x64
		{D46A02FB-7E97-4E25-95F9-A9BD84783029}.Release|x64.Build.0 = Release|x64
		{D46A02FB-7E97-4E25-95F9-A9BD84783029}.Release|x86.ActiveCfg = Release|Win32
		{D46A02FB-7E97-4E25-95F9-A9BD84783029}.Release|x86.Build.0 = Release|Win32
	EndGlobalSection
	GlobalSection(SolutionProperties) = preSolution
		HideSolutionNode = FALSE
	EndGlobalSection
	GlobalSection(ExtensibilityGlobals) = postSolution
		SolutionGuid = {562791CD-D092-42C4-B615-4EA425A7506D}
	EndGlobalSection
EndGlobal
